
Microsoft Visual Studio Solution File, Format Version 12.00
# Visual Studio Version 16
VisualStudioVersion = 16.0.32630.194
MinimumVisualStudioVersion = 10.0.40219.1
<<<<<<< HEAD
Project("{FAE04EC0-301F-11D3-BF4B-00C04F79EFBC}") = "EmployeeWageComputation", "EmployeeWageComputation.csproj", "{C40FD27D-A7DC-46E6-AF7B-08899D178D48}"
=======
Project("{9A19103F-16F7-4668-BE54-9A1E7A4F7556}") = "EmployeeWageComputation", "EmployeeWageComputation.csproj", "{C40FD27D-A7DC-46E6-AF7B-08899D178D48}"
>>>>>>> 4e51ca366b1f54e0774509f4cd6a7f53dd9f56f7
EndProject
Global
	GlobalSection(SolutionConfigurationPlatforms) = preSolution
		Debug|Any CPU = Debug|Any CPU
		Release|Any CPU = Release|Any CPU
	EndGlobalSection
	GlobalSection(ProjectConfigurationPlatforms) = postSolution
		{C40FD27D-A7DC-46E6-AF7B-08899D178D48}.Debug|Any CPU.ActiveCfg = Debug|Any CPU
		{C40FD27D-A7DC-46E6-AF7B-08899D178D48}.Debug|Any CPU.Build.0 = Debug|Any CPU
		{C40FD27D-A7DC-46E6-AF7B-08899D178D48}.Release|Any CPU.ActiveCfg = Release|Any CPU
		{C40FD27D-A7DC-46E6-AF7B-08899D178D48}.Release|Any CPU.Build.0 = Release|Any CPU
	EndGlobalSection
	GlobalSection(SolutionProperties) = preSolution
		HideSolutionNode = FALSE
	EndGlobalSection
	GlobalSection(ExtensibilityGlobals) = postSolution
		SolutionGuid = {B9FF8F42-DEB8-4C38-B1FB-D6BCB0F0CFDB}
	EndGlobalSection
EndGlobal
